
Microsoft Visual Studio Solution File, Format Version 12.00
# Visual Studio 2012
Project("{FAE04EC0-301F-11D3-BF4B-00C04F79EFBC}") = "FormIMAP", "FormIMAP\FormIMAP.csproj", "{A07A4BAE-2C74-44DA-B700-ACD50B6CE153}"
EndProject
Project("{FAE04EC0-301F-11D3-BF4B-00C04F79EFBC}") = "FormIMAPMS", "FormIMAPMS\FormIMAPMS.csproj", "{2C4008AA-6A48-402F-BC37-1E90CB4DAC0F}"
EndProject
Global
	GlobalSection(SolutionConfigurationPlatforms) = preSolution
		Debug|Any CPU = Debug|Any CPU
		Release|Any CPU = Release|Any CPU
	EndGlobalSection
	GlobalSection(ProjectConfigurationPlatforms) = postSolution
		{A07A4BAE-2C74-44DA-B700-ACD50B6CE153}.Debug|Any CPU.ActiveCfg = Debug|Any CPU
		{A07A4BAE-2C74-44DA-B700-ACD50B6CE153}.Debug|Any CPU.Build.0 = Debug|Any CPU
		{A07A4BAE-2C74-44DA-B700-ACD50B6CE153}.Release|Any CPU.ActiveCfg = Release|Any CPU
		{A07A4BAE-2C74-44DA-B700-ACD50B6CE153}.Release|Any CPU.Build.0 = Release|Any CPU
		{2C4008AA-6A48-402F-BC37-1E90CB4DAC0F}.Debug|Any CPU.ActiveCfg = Debug|Any CPU
		{2C4008AA-6A48-402F-BC37-1E90CB4DAC0F}.Debug|Any CPU.Build.0 = Debug|Any CPU
		{2C4008AA-6A48-402F-BC37-1E90CB4DAC0F}.Release|Any CPU.ActiveCfg = Release|Any CPU
		{2C4008AA-6A48-402F-BC37-1E90CB4DAC0F}.Release|Any CPU.Build.0 = Release|Any CPU
	EndGlobalSection
	GlobalSection(SolutionProperties) = preSolution
		HideSolutionNode = FALSE
	EndGlobalSection
EndGlobal
